
Microsoft Visual Studio Solution File, Format Version 12.00
# Visual Studio Version 17
VisualStudioVersion = 17.5.33530.505
MinimumVisualStudioVersion = 10.0.40219.1
Project("{8BC9CEB8-8B4A-11D0-8D11-00A0C91BC942}") = "WAVE-File-Processor", "WAVE-File-Processor\WAVE-File-Processor.vcxproj", "{5ED417A2-C6FD-4F28-83E7-570F89ABE2D5}"
EndProject
Global
	GlobalSection(SolutionConfigurationPlatforms) = preSolution
		Debug|x64 = Debug|x64
		Debug|x86 = Debug|x86
		Release|x64 = Release|x64
		Release|x86 = Release|x86
	EndGlobalSection
	GlobalSection(ProjectConfigurationPlatforms) = postSolution
		{5ED417A2-C6FD-4F28-83E7-570F89ABE2D5}.Debug|x64.ActiveCfg = Debug|x64
		{5ED417A2-C6FD-4F28-83E7-570F89ABE2D5}.Debug|x64.Build.0 = Debug|x64
		{5ED417A2-C6FD-4F28-83E7-570F89ABE2D5}.Debug|x86.ActiveCfg = Debug|Win32
		{5ED417A2-C6FD-4F28-83E7-570F89ABE2D5}.Debug|x86.Build.0 = Debug|Win32
		{5ED417A2-C6FD-4F28-83E7-570F89ABE2D5}.Release|x64.ActiveCfg = Release|x64
		{5ED417A2-C6FD-4F28-83E7-570F89ABE2D5}.Release|x64.Build.0 = Release|x64
		{5ED417A2-C6FD-4F28-83E7-570F89ABE2D5}.Release|x86.ActiveCfg = Release|Win32
		{5ED417A2-C6FD-4F28-83E7-570F89ABE2D5}.Release|x86.Build.0 = Release|Win32
	EndGlobalSection
	GlobalSection(SolutionProperties) = preSolution
		HideSolutionNode = FALSE
	EndGlobalSection
	GlobalSection(ExtensibilityGlobals) = postSolution
		SolutionGuid = {706837DB-0DFF-47A5-88D5-110735313DCD}
	EndGlobalSection
EndGlobal
